<?xml version="1.0" encoding="utf-8"?>
<Project ToolsVersion="4.0" xmlns="http://schemas.microsoft.com/developer/msbuild/2003">
  <ItemGroup>
    <Filter Include="Core">
      <UniqueIdentifier>{c620db80-6496-4f42-a7f3-9f8f46badd75}</UniqueIdentifier>
    </Filter>
    <Filter Include="Resource Files">
      <UniqueIdentifier>{6e5f9fc4-8440-4562-a61b-4bf2029e5407}</UniqueIdentifier>
    </Filter>
    <Filter Include="Objects">
      <UniqueIdentifier>{675bed0e-71a5-4927-882c-2ccdf3f356a4}</UniqueIdentifier>
    </Filter>
    <Filter Include="Resource Files\Content">
      <UniqueIdentifier>{740c085e-bba9-49d0-a730-3563446b1e50}</UniqueIdentifier>
    </Filter>
    <Filter Include="Resource Files\Content\Shaders">
      <UniqueIdentifier>{92b8c40d-da28-467b-9ca4-8671301de163}</UniqueIdentifier>
    </Filter>
    <Filter Include="Objects\AI">
      <UniqueIdentifier>{72b4677a-3eb7-440d-9088-e5a6106ae618}</UniqueIdentifier>
    </Filter>
    <Filter Include="D3D">
      <UniqueIdentifier>{8d08c649-289f-4f2c-8a28-dc6bf7a5dce8}</UniqueIdentifier>
    </Filter>
  </ItemGroup>
  <ItemGroup>
    <ClInclude Include="WinApp.h">
      <Filter>Core</Filter>
    </ClInclude>
    <ClInclude Include="d3dApp.h">
      <Filter>Core</Filter>
    </ClInclude>
    <ClInclude Include="stdafx.h">
      <Filter>Resource Files</Filter>
    </ClInclude>
    <ClInclude Include="Timer.h">
      <Filter>Core</Filter>
    </ClInclude>
    <ClInclude Include="Obj3D.h">
      <Filter>Objects</Filter>
    </ClInclude>
    <ClInclude Include="Camera.h">
      <Filter>Core</Filter>
    </ClInclude>
    <ClInclude Include="Game.h">
      <Filter>Core</Filter>
    </ClInclude>
    <ClInclude Include="Candy.h">
      <Filter>Objects</Filter>
    </ClInclude>
    <ClInclude Include="Map.h" />
    <ClInclude Include="Player.h" />
    <ClInclude Include="Node.h" />
    <ClInclude Include="Ghost.h">
      <Filter>Objects\AI</Filter>
    </ClInclude>
    <ClInclude Include="Shader.h">
      <Filter>D3D</Filter>
    </ClInclude>
    <ClInclude Include="Buffer.h">
      <Filter>D3D</Filter>
    </ClInclude>
    <ClInclude Include="ShaderManager.h">
      <Filter>D3D</Filter>
    </ClInclude>
  </ItemGroup>
  <ItemGroup>
    <ClCompile Include="WinApp.cpp">
      <Filter>Core</Filter>
    </ClCompile>
    <ClCompile Include="d3dApp.cpp">
      <Filter>Core</Filter>
    </ClCompile>
    <ClCompile Include="Timer.cpp">
      <Filter>Core</Filter>
    </ClCompile>
    <ClCompile Include="Obj3D.cpp">
      <Filter>Objects</Filter>
    </ClCompile>
    <ClCompile Include="Camera.cpp">
      <Filter>Core</Filter>
    </ClCompile>
    <ClCompile Include="Game.cpp">
      <Filter>Core</Filter>
    </ClCompile>
    <ClCompile Include="WinMain.cpp">
      <Filter>Core</Filter>
    </ClCompile>
    <ClCompile Include="Candy.cpp">
      <Filter>Objects</Filter>
    </ClCompile>
    <ClCompile Include="Map.cpp" />
    <ClCompile Include="Player.cpp" />
    <ClCompile Include="Node.cpp" />
    <ClCompile Include="Ghost.cpp">
      <Filter>Objects\AI</Filter>
    </ClCompile>
    <ClCompile Include="Shader.cpp">
      <Filter>D3D</Filter>
    </ClCompile>
    <ClCompile Include="Buffer.cpp">
      <Filter>D3D</Filter>
    </ClCompile>
    <ClCompile Include="ShaderManager.cpp">
      <Filter>D3D</Filter>
    </ClCompile>
  </ItemGroup>
  <ItemGroup>
    <CustomBuild Include="Content\Shaders\Lights.fx">
      <Filter>Resource Files\Content\Shaders</Filter>
    </CustomBuild>
    <CustomBuild Include="Content\Shaders\Basic.fx">
      <Filter>Resource Files\Content\Shaders</Filter>
    </CustomBuild>
    <CustomBuild Include="Content\Shaders\RenderStates.fx">
      <Filter>Resource Files\Content\Shaders</Filter>
    </CustomBuild>
    <CustomBuild Include="Content\Shaders\Billboard.fx">
      <Filter>Resource Files\Content\Shaders</Filter>
    </CustomBuild>
    <CustomBuild Include="Content\Shaders\Lightning.fx">
      <Filter>Resource Files\Content\Shaders</Filter>
    </CustomBuild>
  </ItemGroup>
</Project>